// !$*UTF8*$!
{
	archiveVersion = 1;
	classes = {
	};
	objectVersion = 50;
	objects = {

/* Begin PBXBuildFile section */
		5E01F76D854E43C2345E0496 /* Pods_carberry.framework in Frameworks */ = {isa = PBXBuildFile; fileRef = 118586E44BF83D7DF047D36A /* Pods_carberry.framework */; };
		AA14EE9E2172504300127F83 /* MapViewController.swift in Sources */ = {isa = PBXBuildFile; fileRef = AA14EE9D2172504300127F83 /* MapViewController.swift */; };
		AA9621DE2171FCF200CA66D5 /* AppDelegate.swift in Sources */ = {isa = PBXBuildFile; fileRef = AA9621DD2171FCF200CA66D5 /* AppDelegate.swift */; };
		AA9621E02171FCF200CA66D5 /* ViewController.swift in Sources */ = {isa = PBXBuildFile; fileRef = AA9621DF2171FCF200CA66D5 /* ViewController.swift */; };
		AA9621E32171FCF200CA66D5 /* Main.storyboard in Resources */ = {isa = PBXBuildFile; fileRef = AA9621E12171FCF200CA66D5 /* Main.storyboard */; };
		AA9621E52171FCF300CA66D5 /* Assets.xcassets in Resources */ = {isa = PBXBuildFile; fileRef = AA9621E42171FCF300CA66D5 /* Assets.xcassets */; };
		AA9621E82171FCF300CA66D5 /* LaunchScreen.storyboard in Resources */ = {isa = PBXBuildFile; fileRef = AA9621E62171FCF300CA66D5 /* LaunchScreen.storyboard */; };
/* End PBXBuildFile section */

/* Begin PBXCopyFilesBuildPhase section */
		AA14EE9821722E9D00127F83 /* Embed PlugIns */ = {
			isa = PBXCopyFilesBuildPhase;
			buildActionMask = 2147483647;
			dstPath = "";
			dstSubfolderSpec = 13;
			files = (
			);
			name = "Embed PlugIns";
			runOnlyForDeploymentPostprocessing = 0;
		};
/* End PBXCopyFilesBuildPhase section */

/* Begin PBXFileReference section */
		118586E44BF83D7DF047D36A /* Pods_carberry.framework */ = {isa = PBXFileReference; explicitFileType = wrapper.framework; includeInIndex = 0; path = Pods_carberry.framework; sourceTree = BUILT_PRODUCTS_DIR; };
		AA14EE9921722EB000127F83 /* libParse.a */ = {isa = PBXFileReference; explicitFileType = archive.ar; path = libParse.a; sourceTree = BUILT_PRODUCTS_DIR; };
		AA14EE9D2172504300127F83 /* MapViewController.swift */ = {isa = PBXFileReference; lastKnownFileType = sourcecode.swift; path = MapViewController.swift; sourceTree = "<group>"; };
		AA9621DA2171FCF200CA66D5 /* carberry.app */ = {isa = PBXFileReference; explicitFileType = wrapper.application; includeInIndex = 0; path = carberry.app; sourceTree = BUILT_PRODUCTS_DIR; };
		AA9621DD2171FCF200CA66D5 /* AppDelegate.swift */ = {isa = PBXFileReference; lastKnownFileType = sourcecode.swift; path = AppDelegate.swift; sourceTree = "<group>"; };
		AA9621DF2171FCF200CA66D5 /* ViewController.swift */ = {isa = PBXFileReference; lastKnownFileType = sourcecode.swift; path = ViewController.swift; sourceTree = "<group>"; };
		AA9621E22171FCF200CA66D5 /* Base */ = {isa = PBXFileReference; lastKnownFileType = file.storyboard; name = Base; path = Base.lproj/Main.storyboard; sourceTree = "<group>"; };
		AA9621E42171FCF300CA66D5 /* Assets.xcassets */ = {isa = PBXFileReference; lastKnownFileType = folder.assetcatalog; path = Assets.xcassets; sourceTree = "<group>"; };
		AA9621E72171FCF300CA66D5 /* Base */ = {isa = PBXFileReference; lastKnownFileType = file.storyboard; name = Base; path = Base.lproj/LaunchScreen.storyboard; sourceTree = "<group>"; };
		AA9621E92171FCF300CA66D5 /* Info.plist */ = {isa = PBXFileReference; lastKnownFileType = text.plist.xml; path = Info.plist; sourceTree = "<group>"; };
		BB62094C16FB78A2D7759E83 /* Pods-carberry.debug.xcconfig */ = {isa = PBXFileReference; includeInIndex = 1; lastKnownFileType = text.xcconfig; name = "Pods-carberry.debug.xcconfig"; path = "Pods/Target Support Files/Pods-carberry/Pods-carberry.debug.xcconfig"; sourceTree = "<group>"; };
		F7E243343C3D1143CF543F6F /* Pods-carberry.release.xcconfig */ = {isa = PBXFileReference; includeInIndex = 1; lastKnownFileType = text.xcconfig; name = "Pods-carberry.release.xcconfig"; path = "Pods/Target Support Files/Pods-carberry/Pods-carberry.release.xcconfig"; sourceTree = "<group>"; };
/* End PBXFileReference section */

/* Begin PBXFrameworksBuildPhase section */
		AA9621D72171FCF200CA66D5 /* Frameworks */ = {
			isa = PBXFrameworksBuildPhase;
			buildActionMask = 2147483647;
			files = (
				5E01F76D854E43C2345E0496 /* Pods_carberry.framework in Frameworks */,
			);
			runOnlyForDeploymentPostprocessing = 0;
		};
/* End PBXFrameworksBuildPhase section */

/* Begin PBXGroup section */
		AA9621D12171FCF200CA66D5 = {
			isa = PBXGroup;
			children = (
				AA9621DC2171FCF200CA66D5 /* carberry */,
				AA9621DB2171FCF200CA66D5 /* Products */,
				CF002AF798DDCA40783AE847 /* Pods */,
				C1AD6C21BC1A7ADDE7E210D1 /* Frameworks */,
			);
			sourceTree = "<group>";
		};
		AA9621DB2171FCF200CA66D5 /* Products */ = {
			isa = PBXGroup;
			children = (
				AA9621DA2171FCF200CA66D5 /* carberry.app */,
			);
			name = Products;
			sourceTree = "<group>";
		};
		AA9621DC2171FCF200CA66D5 /* carberry */ = {
			isa = PBXGroup;
			children = (
				AA9621DD2171FCF200CA66D5 /* AppDelegate.swift */,
				AA9621DF2171FCF200CA66D5 /* ViewController.swift */,
				AA14EE9D2172504300127F83 /* MapViewController.swift */,
				AA9621E12171FCF200CA66D5 /* Main.storyboard */,
				AA9621E42171FCF300CA66D5 /* Assets.xcassets */,
				AA9621E62171FCF300CA66D5 /* LaunchScreen.storyboard */,
				AA9621E92171FCF300CA66D5 /* Info.plist */,
			);
			path = carberry;
			sourceTree = "<group>";
		};
		C1AD6C21BC1A7ADDE7E210D1 /* Frameworks */ = {
			isa = PBXGroup;
			children = (
				AA14EE9921722EB000127F83 /* libParse.a */,
				118586E44BF83D7DF047D36A /* Pods_carberry.framework */,
			);
			name = Frameworks;
			sourceTree = "<group>";
		};
		CF002AF798DDCA40783AE847 /* Pods */ = {
			isa = PBXGroup;
			children = (
				BB62094C16FB78A2D7759E83 /* Pods-carberry.debug.xcconfig */,
				F7E243343C3D1143CF543F6F /* Pods-carberry.release.xcconfig */,
			);
			name = Pods;
			sourceTree = "<group>";
		};
/* End PBXGroup section */

/* Begin PBXNativeTarget section */
		AA9621D92171FCF200CA66D5 /* carberry */ = {
			isa = PBXNativeTarget;
			buildConfigurationList = AA9621EC2171FCF300CA66D5 /* Build configuration list for PBXNativeTarget "carberry" */;
			buildPhases = (
				579F05AA7DC42E8267E2CAD5 /* [CP] Check Pods Manifest.lock */,
				AA9621D62171FCF200CA66D5 /* Sources */,
				AA9621D72171FCF200CA66D5 /* Frameworks */,
				AA9621D82171FCF200CA66D5 /* Resources */,
				AA14EE9821722E9D00127F83 /* Embed PlugIns */,
				553E9993EBDA5B971274F5C8 /* [CP] Embed Pods Frameworks */,
				49A5EEC5E67ED9391C3F2DE1 /* [CP] Copy Pods Resources */,
			);
			buildRules = (
			);
			dependencies = (
			);
			name = carberry;
			productName = carberry;
			productReference = AA9621DA2171FCF200CA66D5 /* carberry.app */;
			productType = "com.apple.product-type.application";
		};
/* End PBXNativeTarget section */

/* Begin PBXProject section */
		AA9621D22171FCF200CA66D5 /* Project object */ = {
			isa = PBXProject;
			attributes = {
				LastSwiftUpdateCheck = 1000;
				LastUpgradeCheck = 1000;
				ORGANIZATIONNAME = "Roman Mykitchak";
				TargetAttributes = {
					AA9621D92171FCF200CA66D5 = {
						CreatedOnToolsVersion = 10.0;
					};
				};
			};
			buildConfigurationList = AA9621D52171FCF200CA66D5 /* Build configuration list for PBXProject "carberry" */;
			compatibilityVersion = "Xcode 9.3";
			developmentRegion = en;
			hasScannedForEncodings = 0;
			knownRegions = (
				en,
				Base,
			);
			mainGroup = AA9621D12171FCF200CA66D5;
			productRefGroup = AA9621DB2171FCF200CA66D5 /* Products */;
			projectDirPath = "";
			projectRoot = "";
			targets = (
				AA9621D92171FCF200CA66D5 /* carberry */,
			);
		};
/* End PBXProject section */

/* Begin PBXResourcesBuildPhase section */
		AA9621D82171FCF200CA66D5 /* Resources */ = {
			isa = PBXResourcesBuildPhase;
			buildActionMask = 2147483647;
			files = (
				AA9621E82171FCF300CA66D5 /* LaunchScreen.storyboard in Resources */,
				AA9621E52171FCF300CA66D5 /* Assets.xcassets in Resources */,
				AA9621E32171FCF200CA66D5 /* Main.storyboard in Resources */,
			);
			runOnlyForDeploymentPostprocessing = 0;
		};
/* End PBXResourcesBuildPhase section */

/* Begin PBXShellScriptBuildPhase section */
		49A5EEC5E67ED9391C3F2DE1 /* [CP] Copy Pods Resources */ = {
			isa = PBXShellScriptBuildPhase;
			buildActionMask = 2147483647;
			files = (
			);
			inputPaths = (
				"${SRCROOT}/Pods/Target Support Files/Pods-carberry/Pods-carberry-resources.sh",
				"${PODS_ROOT}/GoogleMaps/Maps/Frameworks/GoogleMaps.framework/Resources/GoogleMaps.bundle",
				"${PODS_ROOT}/GooglePlaces/Frameworks/GooglePlaces.framework/Resources/GooglePlaces.bundle",
			);
			name = "[CP] Copy Pods Resources";
			outputPaths = (
				"${TARGET_BUILD_DIR}/${UNLOCALIZED_RESOURCES_FOLDER_PATH}/GoogleMaps.bundle",
				"${TARGET_BUILD_DIR}/${UNLOCALIZED_RESOURCES_FOLDER_PATH}/GooglePlaces.bundle",
			);
			runOnlyForDeploymentPostprocessing = 0;
			shellPath = /bin/sh;
			shellScript = "\"${SRCROOT}/Pods/Target Support Files/Pods-carberry/Pods-carberry-resources.sh\"\n";
			showEnvVarsInLog = 0;
		};
		553E9993EBDA5B971274F5C8 /* [CP] Embed Pods Frameworks */ = {
			isa = PBXShellScriptBuildPhase;
			buildActionMask = 2147483647;
			files = (
			);
			inputPaths = (
				"${SRCROOT}/Pods/Target Support Files/Pods-carberry/Pods-carberry-frameworks.sh",
				"${BUILT_PRODUCTS_DIR}/Bolts/Bolts.framework",
				"${BUILT_PRODUCTS_DIR}/Parse/Parse.framework",
			);
			name = "[CP] Embed Pods Frameworks";
			outputPaths = (
				"${TARGET_BUILD_DIR}/${FRAMEWORKS_FOLDER_PATH}/Bolts.framework",
				"${TARGET_BUILD_DIR}/${FRAMEWORKS_FOLDER_PATH}/Parse.framework",
			);
			runOnlyForDeploymentPostprocessing = 0;
			shellPath = /bin/sh;
			shellScript = "\"${SRCROOT}/Pods/Target Support Files/Pods-carberry/Pods-carberry-frameworks.sh\"\n";
			showEnvVarsInLog = 0;
		};
		579F05AA7DC42E8267E2CAD5 /* [CP] Check Pods Manifest.lock */ = {
			isa = PBXShellScriptBuildPhase;
			buildActionMask = 2147483647;
			files = (
			);
			inputPaths = (
				"${PODS_PODFILE_DIR_PATH}/Podfile.lock",
				"${PODS_ROOT}/Manifest.lock",
			);
			name = "[CP] Check Pods Manifest.lock";
			outputPaths = (
				"$(DERIVED_FILE_DIR)/Pods-carberry-checkManifestLockResult.txt",
			);
			runOnlyForDeploymentPostprocessing = 0;
			shellPath = /bin/sh;
			shellScript = "diff \"${PODS_PODFILE_DIR_PATH}/Podfile.lock\" \"${PODS_ROOT}/Manifest.lock\" > /dev/null\nif [ $? != 0 ] ; then\n    # print error to STDERR\n    echo \"error: The sandbox is not in sync with the Podfile.lock. Run 'pod install' or update your CocoaPods installation.\" >&2\n    exit 1\nfi\n# This output is used by Xcode 'outputs' to avoid re-running this script phase.\necho \"SUCCESS\" > \"${SCRIPT_OUTPUT_FILE_0}\"\n";
			showEnvVarsInLog = 0;
		};
/* End PBXShellScriptBuildPhase section */

/* Begin PBXSourcesBuildPhase section */
		AA9621D62171FCF200CA66D5 /* Sources */ = {
			isa = PBXSourcesBuildPhase;
			buildActionMask = 2147483647;
			files = (
				AA9621E02171FCF200CA66D5 /* ViewController.swift in Sources */,
				AA14EE9E2172504300127F83 /* MapViewController.swift in Sources */,
				AA9621DE2171FCF200CA66D5 /* AppDelegate.swift in Sources */,
			);
			runOnlyForDeploymentPostprocessing = 0;
		};
/* End PBXSourcesBuildPhase section */

/* Begin PBXVariantGroup section */
		AA9621E12171FCF200CA66D5 /* Main.storyboard */ = {
			isa = PBXVariantGroup;
			children = (
				AA9621E22171FCF200CA66D5 /* Base */,
			);
			name = Main.storyboard;
			sourceTree = "<group>";
		};
		AA9621E62171FCF300CA66D5 /* LaunchScreen.storyboard */ = {
			isa = PBXVariantGroup;
			children = (
				AA9621E72171FCF300CA66D5 /* Base */,
			);
			name = LaunchScreen.storyboard;
			sourceTree = "<group>";
		};
/* End PBXVariantGroup section */

/* Begin XCBuildConfiguration section */
		AA9621EA2171FCF300CA66D5 /* Debug */ = {
			isa = XCBuildConfiguration;
			buildSettings = {
				ALWAYS_SEARCH_USER_PATHS = NO;
				CLANG_ANALYZER_NONNULL = YES;
				CLANG_ANALYZER_NUMBER_OBJECT_CONVERSION = YES_AGGRESSIVE;
				CLANG_CXX_LANGUAGE_STANDARD = "gnu++14";
				CLANG_CXX_LIBRARY = "libc++";
				CLANG_ENABLE_MODULES = YES;
				CLANG_ENABLE_OBJC_ARC = YES;
				CLANG_ENABLE_OBJC_WEAK = YES;
				CLANG_WARN_BLOCK_CAPTURE_AUTORELEASING = YES;
				CLANG_WARN_BOOL_CONVERSION = YES;
				CLANG_WARN_COMMA = YES;
				CLANG_WARN_CONSTANT_CONVERSION = YES;
				CLANG_WARN_DEPRECATED_OBJC_IMPLEMENTATIONS = YES;
				CLANG_WARN_DIRECT_OBJC_ISA_USAGE = YES_ERROR;
				CLANG_WARN_DOCUMENTATION_COMMENTS = YES;
				CLANG_WARN_EMPTY_BODY = YES;
				CLANG_WARN_ENUM_CONVERSION = YES;
				CLANG_WARN_INFINITE_RECURSION = YES;
				CLANG_WARN_INT_CONVERSION = YES;
				CLANG_WARN_NON_LITERAL_NULL_CONVERSION = YES;
				CLANG_WARN_OBJC_IMPLICIT_RETAIN_SELF = YES;
				CLANG_WARN_OBJC_LITERAL_CONVERSION = YES;
				CLANG_WARN_OBJC_ROOT_CLASS = YES_ERROR;
				CLANG_WARN_RANGE_LOOP_ANALYSIS = YES;
				CLANG_WARN_STRICT_PROTOTYPES = YES;
				CLANG_WARN_SUSPICIOUS_MOVE = YES;
				CLANG_WARN_UNGUARDED_AVAILABILITY = YES_AGGRESSIVE;
				CLANG_WARN_UNREACHABLE_CODE = YES;
				CLANG_WARN__DUPLICATE_METHOD_MATCH = YES;
				CODE_SIGN_IDENTITY = "iPhone Developer";
				COPY_PHASE_STRIP = NO;
				DEBUG_INFORMATION_FORMAT = dwarf;
				ENABLE_STRICT_OBJC_MSGSEND = YES;
				ENABLE_TESTABILITY = YES;
				GCC_C_LANGUAGE_STANDARD = gnu11;
				GCC_DYNAMIC_NO_PIC = NO;
				GCC_NO_COMMON_BLOCKS = YES;
				GCC_OPTIMIZATION_LEVEL = 0;
				GCC_PREPROCESSOR_DEFINITIONS = (
					"DEBUG=1",
					"$(inherited)",
				);
				GCC_WARN_64_TO_32_BIT_CONVERSION = YES;
				GCC_WARN_ABOUT_RETURN_TYPE = YES_ERROR;
				GCC_WARN_UNDECLARED_SELECTOR = YES;
				GCC_WARN_UNINITIALIZED_AUTOS = YES_AGGRESSIVE;
				GCC_WARN_UNUSED_FUNCTION = YES;
				GCC_WARN_UNUSED_VARIABLE = YES;
				IPHONEOS_DEPLOYMENT_TARGET = 12.0;
				MTL_ENABLE_DEBUG_INFO = INCLUDE_SOURCE;
				MTL_FAST_MATH = YES;
				ONLY_ACTIVE_ARCH = YES;
				SDKROOT = iphoneos;
				SWIFT_ACTIVE_COMPILATION_CONDITIONS = DEBUG;
				SWIFT_OPTIMIZATION_LEVEL = "-Onone";
			};
			name = Debug;
		};
		AA9621EB2171FCF300CA66D5 /* Release */ = {
			isa = XCBuildConfiguration;
			buildSettings = {
				ALWAYS_SEARCH_USER_PATHS = NO;
				CLANG_ANALYZER_NONNULL = YES;
				CLANG_ANALYZER_NUMBER_OBJECT_CONVERSION = YES_AGGRESSIVE;
				CLANG_CXX_LANGUAGE_STANDARD = "gnu++14";
				CLANG_CXX_LIBRARY = "libc++";
				CLANG_ENABLE_MODULES = YES;
				CLANG_ENABLE_OBJC_ARC = YES;
				CLANG_ENABLE_OBJC_WEAK = YES;
				CLANG_WARN_BLOCK_CAPTURE_AUTORELEASING = YES;
				CLANG_WARN_BOOL_CONVERSION = YES;
				CLANG_WARN_COMMA = YES;
				CLANG_WARN_CONSTANT_CONVERSION = YES;
				CLANG_WARN_DEPRECATED_OBJC_IMPLEMENTATIONS = YES;
				CLANG_WARN_DIRECT_OBJC_ISA_USAGE = YES_ERROR;
				CLANG_WARN_DOCUMENTATION_COMMENTS = YES;
				CLANG_WARN_EMPTY_BODY = YES;
				CLANG_WARN_ENUM_CONVERSION = YES;
				CLANG_WARN_INFINITE_RECURSION = YES;
				CLANG_WARN_INT_CONVERSION = YES;
				CLANG_WARN_NON_LITERAL_NULL_CONVERSION = YES;
				CLANG_WARN_OBJC_IMPLICIT_RETAIN_SELF = YES;
				CLANG_WARN_OBJC_LITERAL_CONVERSION = YES;
				CLANG_WARN_OBJC_ROOT_CLASS = YES_ERROR;
				CLANG_WARN_RANGE_LOOP_ANALYSIS = YES;
				CLANG_WARN_STRICT_PROTOTYPES = YES;
				CLANG_WARN_SUSPICIOUS_MOVE = YES;
				CLANG_WARN_UNGUARDED_AVAILABILITY = YES_AGGRESSIVE;
				CLANG_WARN_UNREACHABLE_CODE = YES;
				CLANG_WARN__DUPLICATE_METHOD_MATCH = YES;
				CODE_SIGN_IDENTITY = "iPhone Developer";
				COPY_PHASE_STRIP = NO;
				DEBUG_INFORMATION_FORMAT = "dwarf-with-dsym";
				ENABLE_NS_ASSERTIONS = NO;
				ENABLE_STRICT_OBJC_MSGSEND = YES;
				GCC_C_LANGUAGE_STANDARD = gnu11;
				GCC_NO_COMMON_BLOCKS = YES;
				GCC_WARN_64_TO_32_BIT_CONVERSION = YES;
				GCC_WARN_ABOUT_RETURN_TYPE = YES_ERROR;
				GCC_WARN_UNDECLARED_SELECTOR = YES;
				GCC_WARN_UNINITIALIZED_AUTOS = YES_AGGRESSIVE;
				GCC_WARN_UNUSED_FUNCTION = YES;
				GCC_WARN_UNUSED_VARIABLE = YES;
				IPHONEOS_DEPLOYMENT_TARGET = 12.0;
				MTL_ENABLE_DEBUG_INFO = NO;
				MTL_FAST_MATH = YES;
				SDKROOT = iphoneos;
				SWIFT_COMPILATION_MODE = wholemodule;
				SWIFT_OPTIMIZATION_LEVEL = "-O";
				VALIDATE_PRODUCT = YES;
			};
			name = Release;
		};
		AA9621ED2171FCF300CA66D5 /* Debug */ = {
			isa = XCBuildConfiguration;
			baseConfigurationReference = BB62094C16FB78A2D7759E83 /* Pods-carberry.debug.xcconfig */;
			buildSettings = {
				ASSETCATALOG_COMPILER_APPICON_NAME = "AppIcon-2";
				CODE_SIGN_STYLE = Automatic;
				DEVELOPMENT_TEAM = A6545U33L6;
				FRAMEWORK_SEARCH_PATHS = (
					"$(PROJECT_DIR)",
					"$(inherited)",
				);
				INFOPLIST_FILE = carberry/Info.plist;
				LD_RUNPATH_SEARCH_PATHS = (
					"$(inherited)",
					"@executable_path/Frameworks",
				);
				PRODUCT_BUNDLE_IDENTIFIER = eu.oniia.carberry;
				PRODUCT_NAME = "$(TARGET_NAME)";
				SWIFT_VERSION = 4.2;
				TARGETED_DEVICE_FAMILY = 1;
			};
			name = Debug;
		};
		AA9621EE2171FCF300CA66D5 /* Release */ = {
			isa = XCBuildConfiguration;
			baseConfigurationReference = F7E243343C3D1143CF543F6F /* Pods-carberry.release.xcconfig */;
			buildSettings = {
				ASSETCATALOG_COMPILER_APPICON_NAME = "AppIcon-2";
				CODE_SIGN_STYLE = Automatic;
				DEVELOPMENT_TEAM = A6545U33L6;
				FRAMEWORK_SEARCH_PATHS = (
					"$(PROJECT_DIR)",
					"$(inherited)",
				);
				INFOPLIST_FILE = carberry/Info.plist;
				LD_RUNPATH_SEARCH_PATHS = (
					"$(inherited)",
					"@executable_path/Frameworks",
				);
				PRODUCT_BUNDLE_IDENTIFIER = eu.oniia.carberry;
				PRODUCT_NAME = "$(TARGET_NAME)";
				SWIFT_VERSION = 4.2;
				TARGETED_DEVICE_FAMILY = 1;
			};
			name = Release;
		};
/* End XCBuildConfiguration section */

/* Begin XCConfigurationList section */
		AA9621D52171FCF200CA66D5 /* Build configuration list for PBXProject "carberry" */ = {
			isa = XCConfigurationList;
			buildConfigurations = (
				AA9621EA2171FCF300CA66D5 /* Debug */,
				AA9621EB2171FCF300CA66D5 /* Release */,
			);
			defaultConfigurationIsVisible = 0;
			defaultConfigurationName = Release;
		};
		AA9621EC2171FCF300CA66D5 /* Build configuration list for PBXNativeTarget "carberry" */ = {
			isa = XCConfigurationList;
			buildConfigurations = (
				AA9621ED2171FCF300CA66D5 /* Debug */,
				AA9621EE2171FCF300CA66D5 /* Release */,
			);
			defaultConfigurationIsVisible = 0;
			defaultConfigurationName = Release;
		};
/* End XCConfigurationList section */
	};
	rootObject = AA9621D22171FCF200CA66D5 /* Project object */;
}
